
Microsoft Visual Studio Solution File, Format Version 12.00
# Visual Studio 15
VisualStudioVersion = 15.0.28307.271
MinimumVisualStudioVersion = 10.0.40219.1
Project("{FAE04EC0-301F-11D3-BF4B-00C04F79EFBC}") = "HorizontalRecreation", "TracelabExperiment\HorizontalRecreation.csproj", "{0F0D7447-5BDD-4177-A365-F102114D668F}"
EndProject
Project("{FAE04EC0-301F-11D3-BF4B-00C04F79EFBC}") = "SetupComponent", "SetupComponent\SetupComponent.csproj", "{A5D102F6-4A37-4CC2-83EB-125DA3884A33}"
EndProject
Global
	GlobalSection(SolutionConfigurationPlatforms) = preSolution
		Debug|Any CPU = Debug|Any CPU
		Release|Any CPU = Release|Any CPU
	EndGlobalSection
	GlobalSection(ProjectConfigurationPlatforms) = postSolution
		{0F0D7447-5BDD-4177-A365-F102114D668F}.Debug|Any CPU.ActiveCfg = Debug|Any CPU
		{0F0D7447-5BDD-4177-A365-F102114D668F}.Debug|Any CPU.Build.0 = Debug|Any CPU
		{0F0D7447-5BDD-4177-A365-F102114D668F}.Release|Any CPU.ActiveCfg = Release|Any CPU
		{0F0D7447-5BDD-4177-A365-F102114D668F}.Release|Any CPU.Build.0 = Release|Any CPU
		{A5D102F6-4A37-4CC2-83EB-125DA3884A33}.Debug|Any CPU.ActiveCfg = Debug|Any CPU
		{A5D102F6-4A37-4CC2-83EB-125DA3884A33}.Debug|Any CPU.Build.0 = Debug|Any CPU
		{A5D102F6-4A37-4CC2-83EB-125DA3884A33}.Release|Any CPU.ActiveCfg = Release|Any CPU
		{A5D102F6-4A37-4CC2-83EB-125DA3884A33}.Release|Any CPU.Build.0 = Release|Any CPU
	EndGlobalSection
	GlobalSection(SolutionProperties) = preSolution
		HideSolutionNode = FALSE
	EndGlobalSection
	GlobalSection(ExtensibilityGlobals) = postSolution
		SolutionGuid = {D6296D19-58E0-4158-A8A1-90AFBB090A0B}
	EndGlobalSection
EndGlobal
