
Microsoft Visual Studio Solution File, Format Version 12.00
# Visual Studio 15
VisualStudioVersion = 15.0.28307.329
MinimumVisualStudioVersion = 10.0.40219.1
Project("{FAE04EC0-301F-11D3-BF4B-00C04F79EFBC}") = "TFIDFComponent", "TFIDFComponent.csproj", "{743F1B9E-E14E-4072-90ED-DA0E875C2606}"
EndProject
Global
	GlobalSection(SolutionConfigurationPlatforms) = preSolution
		Debug|Any CPU = Debug|Any CPU
		Release|Any CPU = Release|Any CPU
	EndGlobalSection
	GlobalSection(ProjectConfigurationPlatforms) = postSolution
		{743F1B9E-E14E-4072-90ED-DA0E875C2606}.Debug|Any CPU.ActiveCfg = Debug|Any CPU
		{743F1B9E-E14E-4072-90ED-DA0E875C2606}.Debug|Any CPU.Build.0 = Debug|Any CPU
		{743F1B9E-E14E-4072-90ED-DA0E875C2606}.Release|Any CPU.ActiveCfg = Release|Any CPU
		{743F1B9E-E14E-4072-90ED-DA0E875C2606}.Release|Any CPU.Build.0 = Release|Any CPU
	EndGlobalSection
	GlobalSection(SolutionProperties) = preSolution
		HideSolutionNode = FALSE
	EndGlobalSection
	GlobalSection(ExtensibilityGlobals) = postSolution
		SolutionGuid = {7E47F771-514B-4CB9-BF66-D7B94C06D637}
	EndGlobalSection
EndGlobal
