
Microsoft Visual Studio Solution File, Format Version 12.00
# Visual Studio 15
VisualStudioVersion = 15.0.28307.329
MinimumVisualStudioVersion = 10.0.40219.1
Project("{FAE04EC0-301F-11D3-BF4B-00C04F79EFBC}") = "ReadingXML", "ReadingXML\ReadingXML.csproj", "{0677ED00-7B66-4DEC-9580-1A3DCFF532D7}"
EndProject
Global
	GlobalSection(SolutionConfigurationPlatforms) = preSolution
		Debug|Any CPU = Debug|Any CPU
		Release|Any CPU = Release|Any CPU
	EndGlobalSection
	GlobalSection(ProjectConfigurationPlatforms) = postSolution
		{0677ED00-7B66-4DEC-9580-1A3DCFF532D7}.Debug|Any CPU.ActiveCfg = Debug|Any CPU
		{0677ED00-7B66-4DEC-9580-1A3DCFF532D7}.Debug|Any CPU.Build.0 = Debug|Any CPU
		{0677ED00-7B66-4DEC-9580-1A3DCFF532D7}.Release|Any CPU.ActiveCfg = Release|Any CPU
		{0677ED00-7B66-4DEC-9580-1A3DCFF532D7}.Release|Any CPU.Build.0 = Release|Any CPU
	EndGlobalSection
	GlobalSection(SolutionProperties) = preSolution
		HideSolutionNode = FALSE
	EndGlobalSection
	GlobalSection(ExtensibilityGlobals) = postSolution
		SolutionGuid = {14BE12AA-9B1F-48F9-9E3E-182E7BF2F797}
	EndGlobalSection
EndGlobal
