
Microsoft Visual Studio Solution File, Format Version 12.00
# Visual Studio 15
VisualStudioVersion = 15.0.28307.329
MinimumVisualStudioVersion = 10.0.40219.1
Project("{FAE04EC0-301F-11D3-BF4B-00C04F79EFBC}") = "FReQuAT_compiled", "FReQuAT_compiled\FReQuAT_compiled.csproj", "{E1080DE5-AF98-4139-A67B-D32293BED6C7}"
EndProject
Global
	GlobalSection(SolutionConfigurationPlatforms) = preSolution
		Debug|Any CPU = Debug|Any CPU
		Release|Any CPU = Release|Any CPU
	EndGlobalSection
	GlobalSection(ProjectConfigurationPlatforms) = postSolution
		{E1080DE5-AF98-4139-A67B-D32293BED6C7}.Debug|Any CPU.ActiveCfg = Debug|Any CPU
		{E1080DE5-AF98-4139-A67B-D32293BED6C7}.Debug|Any CPU.Build.0 = Debug|Any CPU
		{E1080DE5-AF98-4139-A67B-D32293BED6C7}.Release|Any CPU.ActiveCfg = Release|Any CPU
		{E1080DE5-AF98-4139-A67B-D32293BED6C7}.Release|Any CPU.Build.0 = Release|Any CPU
	EndGlobalSection
	GlobalSection(SolutionProperties) = preSolution
		HideSolutionNode = FALSE
	EndGlobalSection
	GlobalSection(ExtensibilityGlobals) = postSolution
		SolutionGuid = {90A1FD1F-3185-458A-A36B-70AED1BE29C7}
	EndGlobalSection
EndGlobal
